
Microsoft Visual Studio Solution File, Format Version 12.00
# Visual Studio 2012
Project("{8BC9CEB8-8B4A-11D0-8D11-00A0C91BC942}") = "BRUSH", "BRUSH\BRUSH.vcxproj", "{DCF660FA-BECB-4752-919C-09542C02E605}"
EndProject
Global
	GlobalSection(SolutionConfigurationPlatforms) = preSolution
		Debug|Win32 = Debug|Win32
		Release|Win32 = Release|Win32
	EndGlobalSection
	GlobalSection(ProjectConfigurationPlatforms) = postSolution
		{DCF660FA-BECB-4752-919C-09542C02E605}.Debug|Win32.ActiveCfg = Debug|Win32
		{DCF660FA-BECB-4752-919C-09542C02E605}.Debug|Win32.Build.0 = Debug|Win32
		{DCF660FA-BECB-4752-919C-09542C02E605}.Release|Win32.ActiveCfg = Release|Win32
		{DCF660FA-BECB-4752-919C-09542C02E605}.Release|Win32.Build.0 = Release|Win32
	EndGlobalSection
	GlobalSection(SolutionProperties) = preSolution
		HideSolutionNode = FALSE
	EndGlobalSection
EndGlobal
